
Microsoft Visual Studio Solution File, Format Version 12.00
# Visual Studio Version 17
VisualStudioVersion = 17.13.35931.197 d17.13
MinimumVisualStudioVersion = 10.0.40219.1
Project("{FAE04EC0-301F-11D3-BF4B-00C04F79EFBC}") = "RC4-MMT-NHOM 8", "RC4-MMT-NHOM 8\RC4-MMT-NHOM 8.csproj", "{18C60E02-45DE-417D-BAD2-A5758C6E4100}"
EndProject
Global
	GlobalSection(SolutionConfigurationPlatforms) = preSolution
		Debug|Any CPU = Debug|Any CPU
		Release|Any CPU = Release|Any CPU
	EndGlobalSection
	GlobalSection(ProjectConfigurationPlatforms) = postSolution
		{18C60E02-45DE-417D-BAD2-A5758C6E4100}.Debug|Any CPU.ActiveCfg = Debug|Any CPU
		{18C60E02-45DE-417D-BAD2-A5758C6E4100}.Debug|Any CPU.Build.0 = Debug|Any CPU
		{18C60E02-45DE-417D-BAD2-A5758C6E4100}.Release|Any CPU.ActiveCfg = Release|Any CPU
		{18C60E02-45DE-417D-BAD2-A5758C6E4100}.Release|Any CPU.Build.0 = Release|Any CPU
	EndGlobalSection
	GlobalSection(SolutionProperties) = preSolution
		HideSolutionNode = FALSE
	EndGlobalSection
	GlobalSection(ExtensibilityGlobals) = postSolution
		SolutionGuid = {8B1A277A-105D-462B-82A1-D76C6E6650B3}
	EndGlobalSection
EndGlobal
